{
  "name": "walls",
  "version": "1.0.0",
  "lockfileVersion": 1,
  "requires": true,
  "dependencies": {
    "three": {
      "version": "0.137.0",
      "resolved": "https://registry.npmjs.org/three/-/three-0.137.0.tgz",
      "integrity": "sha512-rzSDhia6cU35UCy6y+zEEws6vSgytfHqFMSaBvUcySgzwvDO6vETyswtSNi/+aVqJw8WLMwyT1mlQQ1T/dxxOA=="
    },
    "webxr-boilerplate": {
      "version": "0.1.6",
      "resolved": "https://registry.npmjs.org/webxr-boilerplate/-/webxr-boilerplate-0.1.6.tgz",
      "integrity": "sha512-YwBCrNX8LXruoRyuHj/zQWP8vjoxnR86NMxZLl8TouR7bDm+Orsoksz8aQE+1JRYIO1SKDMgABgeEhsYCuB5CA==",
      "requires": {
        "three": "^0.100.0"
      },
      "dependencies": {
        "three": {
          "version": "0.100.0",
          "resolved": "https://registry.npmjs.org/three/-/three-0.100.0.tgz",
          "integrity": "sha512-/lN2rdE1OqIwJr4/HcSaOisiCY0uVA0sqPpbCG5nil2uICEdS0LfGwSVYTtZDsIpR76r3++h5H3Hzg5D+SJBRQ=="
        }
      }
    }
  }
}
